
Microsoft Visual Studio Solution File, Format Version 12.00
# Visual Studio Version 17
VisualStudioVersion = 17.3.32825.248
MinimumVisualStudioVersion = 10.0.40219.1
Project("{9A19103F-16F7-4668-BE54-9A1E7A4F7556}") = "DirectoryScanner", "DirectoryScanner\DirectoryScanner.csproj", "{5ED0ABDC-C813-4585-A80B-59E71874136A}"
EndProject
Project("{9A19103F-16F7-4668-BE54-9A1E7A4F7556}") = "DirectoryScannerLibrary", "DirectoryScannerLibrary\DirectoryScannerLibrary.csproj", "{2CD75B20-7B65-485D-87A6-554B027D8A19}"
EndProject
Project("{FAE04EC0-301F-11D3-BF4B-00C04F79EFBC}") = "DirectoryTests", "DirectoryTests\DirectoryTests.csproj", "{E1314C4B-9646-41F5-A7EE-41204DF878D7}"
EndProject
Global
	GlobalSection(SolutionConfigurationPlatforms) = preSolution
		Debug|Any CPU = Debug|Any CPU
		Release|Any CPU = Release|Any CPU
	EndGlobalSection
	GlobalSection(ProjectConfigurationPlatforms) = postSolution
		{5ED0ABDC-C813-4585-A80B-59E71874136A}.Debug|Any CPU.ActiveCfg = Debug|Any CPU
		{5ED0ABDC-C813-4585-A80B-59E71874136A}.Debug|Any CPU.Build.0 = Debug|Any CPU
		{5ED0ABDC-C813-4585-A80B-59E71874136A}.Release|Any CPU.ActiveCfg = Release|Any CPU
		{5ED0ABDC-C813-4585-A80B-59E71874136A}.Release|Any CPU.Build.0 = Release|Any CPU
		{2CD75B20-7B65-485D-87A6-554B027D8A19}.Debug|Any CPU.ActiveCfg = Debug|Any CPU
		{2CD75B20-7B65-485D-87A6-554B027D8A19}.Debug|Any CPU.Build.0 = Debug|Any CPU
		{2CD75B20-7B65-485D-87A6-554B027D8A19}.Release|Any CPU.ActiveCfg = Release|Any CPU
		{2CD75B20-7B65-485D-87A6-554B027D8A19}.Release|Any CPU.Build.0 = Release|Any CPU
		{E1314C4B-9646-41F5-A7EE-41204DF878D7}.Debug|Any CPU.ActiveCfg = Debug|Any CPU
		{E1314C4B-9646-41F5-A7EE-41204DF878D7}.Debug|Any CPU.Build.0 = Debug|Any CPU
		{E1314C4B-9646-41F5-A7EE-41204DF878D7}.Release|Any CPU.ActiveCfg = Release|Any CPU
		{E1314C4B-9646-41F5-A7EE-41204DF878D7}.Release|Any CPU.Build.0 = Release|Any CPU
	EndGlobalSection
	GlobalSection(SolutionProperties) = preSolution
		HideSolutionNode = FALSE
	EndGlobalSection
	GlobalSection(ExtensibilityGlobals) = postSolution
		SolutionGuid = {6966876A-C0E9-4D0D-9425-2A52749F86F6}
	EndGlobalSection
EndGlobal
